
Microsoft Visual Studio Solution File, Format Version 12.00
# Visual Studio Version 17
VisualStudioVersion = 17.10.35013.160
MinimumVisualStudioVersion = 10.0.40219.1
Project("{FAE04EC0-301F-11D3-BF4B-00C04F79EFBC}") = "PayApi", "PayApi\PayApi.csproj", "{3B8C052E-C77C-43C6-8B19-6DD998C32F13}"
EndProject
Project("{FAE04EC0-301F-11D3-BF4B-00C04F79EFBC}") = "Core", "Core\Core.csproj", "{061DEF99-9B02-4BCC-AC59-1368BBC39B36}"
EndProject
Project("{FAE04EC0-301F-11D3-BF4B-00C04F79EFBC}") = "Infrastructure", "Infrastructure\Infrastructure.csproj", "{FB9C544C-3838-4B55-A9F0-1220EEB96B4E}"
EndProject
Global
	GlobalSection(SolutionConfigurationPlatforms) = preSolution
		Debug|Any CPU = Debug|Any CPU
		Release|Any CPU = Release|Any CPU
	EndGlobalSection
	GlobalSection(ProjectConfigurationPlatforms) = postSolution
		{3B8C052E-C77C-43C6-8B19-6DD998C32F13}.Debug|Any CPU.ActiveCfg = Debug|Any CPU
		{3B8C052E-C77C-43C6-8B19-6DD998C32F13}.Debug|Any CPU.Build.0 = Debug|Any CPU
		{3B8C052E-C77C-43C6-8B19-6DD998C32F13}.Release|Any CPU.ActiveCfg = Release|Any CPU
		{3B8C052E-C77C-43C6-8B19-6DD998C32F13}.Release|Any CPU.Build.0 = Release|Any CPU
		{061DEF99-9B02-4BCC-AC59-1368BBC39B36}.Debug|Any CPU.ActiveCfg = Debug|Any CPU
		{061DEF99-9B02-4BCC-AC59-1368BBC39B36}.Debug|Any CPU.Build.0 = Debug|Any CPU
		{061DEF99-9B02-4BCC-AC59-1368BBC39B36}.Release|Any CPU.ActiveCfg = Release|Any CPU
		{061DEF99-9B02-4BCC-AC59-1368BBC39B36}.Release|Any CPU.Build.0 = Release|Any CPU
		{FB9C544C-3838-4B55-A9F0-1220EEB96B4E}.Debug|Any CPU.ActiveCfg = Debug|Any CPU
		{FB9C544C-3838-4B55-A9F0-1220EEB96B4E}.Debug|Any CPU.Build.0 = Debug|Any CPU
		{FB9C544C-3838-4B55-A9F0-1220EEB96B4E}.Release|Any CPU.ActiveCfg = Release|Any CPU
		{FB9C544C-3838-4B55-A9F0-1220EEB96B4E}.Release|Any CPU.Build.0 = Release|Any CPU
	EndGlobalSection
	GlobalSection(SolutionProperties) = preSolution
		HideSolutionNode = FALSE
	EndGlobalSection
	GlobalSection(ExtensibilityGlobals) = postSolution
		SolutionGuid = {3FA2FEF1-CD3A-4C2D-B9D9-054835264BBC}
	EndGlobalSection
EndGlobal
